
Microsoft Visual Studio Solution File, Format Version 12.00
# Visual Studio 15
VisualStudioVersion = 15.0.28307.1738
MinimumVisualStudioVersion = 10.0.40219.1
Project("{FAE04EC0-301F-11D3-BF4B-00C04F79EFBC}") = "EPharma", "EPharma\EPharma.csproj", "{7D9464E0-D8FA-4F46-B854-9A96118538ED}"
EndProject
Global
	GlobalSection(SolutionConfigurationPlatforms) = preSolution
		Debug|Any CPU = Debug|Any CPU
		Release|Any CPU = Release|Any CPU
	EndGlobalSection
	GlobalSection(ProjectConfigurationPlatforms) = postSolution
		{7D9464E0-D8FA-4F46-B854-9A96118538ED}.Debug|Any CPU.ActiveCfg = Debug|Any CPU
		{7D9464E0-D8FA-4F46-B854-9A96118538ED}.Debug|Any CPU.Build.0 = Debug|Any CPU
		{7D9464E0-D8FA-4F46-B854-9A96118538ED}.Release|Any CPU.ActiveCfg = Release|Any CPU
		{7D9464E0-D8FA-4F46-B854-9A96118538ED}.Release|Any CPU.Build.0 = Release|Any CPU
	EndGlobalSection
	GlobalSection(SolutionProperties) = preSolution
		HideSolutionNode = FALSE
	EndGlobalSection
	GlobalSection(ExtensibilityGlobals) = postSolution
		SolutionGuid = {C7C2D5C0-4721-4D3F-9A57-D824C284ACD4}
	EndGlobalSection
EndGlobal
